
Microsoft Visual Studio Solution File, Format Version 12.00
# Visual Studio Version 17
VisualStudioVersion = 17.10.35013.160
MinimumVisualStudioVersion = 10.0.40219.1
Project("{9A19103F-16F7-4668-BE54-9A1E7A4F7556}") = "Common-WeatherForecast-Simple", "Common-WeatherForecast-Simple\Common-WeatherForecast-Simple.csproj", "{DDB9047F-AFC3-4675-A564-02908C44F542}"
EndProject
Project("{9A19103F-16F7-4668-BE54-9A1E7A4F7556}") = "Common-WeatherForecast-BP", "Common-WeatherForecast-BP\Common-WeatherForecast-BP.csproj", "{CFA666F8-AA80-4488-95F1-999A428835EB}"
EndProject
Project("{9A19103F-16F7-4668-BE54-9A1E7A4F7556}") = "Standard-WebApp", "Standard-WebApp\Standard-WebApp.csproj", "{859513F7-B914-4D93-8F52-F2465EBD06F9}"
EndProject
Project("{9A19103F-16F7-4668-BE54-9A1E7A4F7556}") = "Standard-LifeCyclePlayground", "Standard-LifeCyclePlayground\Standard-LifeCyclePlayground.csproj", "{F5D65A46-D575-4AA5-AD8E-409F6C229644}"
EndProject
Project("{9A19103F-16F7-4668-BE54-9A1E7A4F7556}") = "Autofac-WebApp", "Autofac-WebApp\Autofac-WebApp.csproj", "{33A34395-C5A5-4A0B-818E-FA0CF8E93D00}"
EndProject
Global
	GlobalSection(SolutionConfigurationPlatforms) = preSolution
		Debug-BP|Any CPU = Debug-BP|Any CPU
		Debug-Simple|Any CPU = Debug-Simple|Any CPU
		Release|Any CPU = Release|Any CPU
	EndGlobalSection
	GlobalSection(ProjectConfigurationPlatforms) = postSolution
		{DDB9047F-AFC3-4675-A564-02908C44F542}.Debug-BP|Any CPU.ActiveCfg = Debug|Any CPU
		{DDB9047F-AFC3-4675-A564-02908C44F542}.Debug-BP|Any CPU.Build.0 = Debug|Any CPU
		{DDB9047F-AFC3-4675-A564-02908C44F542}.Debug-Simple|Any CPU.ActiveCfg = Debug|Any CPU
		{DDB9047F-AFC3-4675-A564-02908C44F542}.Debug-Simple|Any CPU.Build.0 = Debug|Any CPU
		{DDB9047F-AFC3-4675-A564-02908C44F542}.Release|Any CPU.ActiveCfg = Release|Any CPU
		{DDB9047F-AFC3-4675-A564-02908C44F542}.Release|Any CPU.Build.0 = Release|Any CPU
		{CFA666F8-AA80-4488-95F1-999A428835EB}.Debug-BP|Any CPU.ActiveCfg = Debug|Any CPU
		{CFA666F8-AA80-4488-95F1-999A428835EB}.Debug-BP|Any CPU.Build.0 = Debug|Any CPU
		{CFA666F8-AA80-4488-95F1-999A428835EB}.Debug-Simple|Any CPU.ActiveCfg = Debug|Any CPU
		{CFA666F8-AA80-4488-95F1-999A428835EB}.Debug-Simple|Any CPU.Build.0 = Debug|Any CPU
		{CFA666F8-AA80-4488-95F1-999A428835EB}.Release|Any CPU.ActiveCfg = Release|Any CPU
		{CFA666F8-AA80-4488-95F1-999A428835EB}.Release|Any CPU.Build.0 = Release|Any CPU
		{859513F7-B914-4D93-8F52-F2465EBD06F9}.Debug-BP|Any CPU.ActiveCfg = Debug-BP|Any CPU
		{859513F7-B914-4D93-8F52-F2465EBD06F9}.Debug-BP|Any CPU.Build.0 = Debug-BP|Any CPU
		{859513F7-B914-4D93-8F52-F2465EBD06F9}.Debug-Simple|Any CPU.ActiveCfg = Debug-Simple|Any CPU
		{859513F7-B914-4D93-8F52-F2465EBD06F9}.Debug-Simple|Any CPU.Build.0 = Debug-Simple|Any CPU
		{859513F7-B914-4D93-8F52-F2465EBD06F9}.Release|Any CPU.ActiveCfg = Release|Any CPU
		{859513F7-B914-4D93-8F52-F2465EBD06F9}.Release|Any CPU.Build.0 = Release|Any CPU
		{F5D65A46-D575-4AA5-AD8E-409F6C229644}.Debug-BP|Any CPU.ActiveCfg = Debug|Any CPU
		{F5D65A46-D575-4AA5-AD8E-409F6C229644}.Debug-BP|Any CPU.Build.0 = Debug|Any CPU
		{F5D65A46-D575-4AA5-AD8E-409F6C229644}.Debug-Simple|Any CPU.ActiveCfg = Debug|Any CPU
		{F5D65A46-D575-4AA5-AD8E-409F6C229644}.Debug-Simple|Any CPU.Build.0 = Debug|Any CPU
		{F5D65A46-D575-4AA5-AD8E-409F6C229644}.Release|Any CPU.ActiveCfg = Release|Any CPU
		{F5D65A46-D575-4AA5-AD8E-409F6C229644}.Release|Any CPU.Build.0 = Release|Any CPU
		{33A34395-C5A5-4A0B-818E-FA0CF8E93D00}.Debug-BP|Any CPU.ActiveCfg = Debug|Any CPU
		{33A34395-C5A5-4A0B-818E-FA0CF8E93D00}.Debug-BP|Any CPU.Build.0 = Debug|Any CPU
		{33A34395-C5A5-4A0B-818E-FA0CF8E93D00}.Debug-Simple|Any CPU.ActiveCfg = Debug|Any CPU
		{33A34395-C5A5-4A0B-818E-FA0CF8E93D00}.Debug-Simple|Any CPU.Build.0 = Debug|Any CPU
		{33A34395-C5A5-4A0B-818E-FA0CF8E93D00}.Release|Any CPU.ActiveCfg = Release|Any CPU
		{33A34395-C5A5-4A0B-818E-FA0CF8E93D00}.Release|Any CPU.Build.0 = Release|Any CPU
	EndGlobalSection
	GlobalSection(SolutionProperties) = preSolution
		HideSolutionNode = FALSE
	EndGlobalSection
	GlobalSection(ExtensibilityGlobals) = postSolution
		SolutionGuid = {654C1264-6939-4B42-A92E-8CA5D25E3280}
	EndGlobalSection
EndGlobal
