
Microsoft Visual Studio Solution File, Format Version 12.00
# Visual Studio Version 17
VisualStudioVersion = 17.10.35013.160
MinimumVisualStudioVersion = 10.0.40219.1
Project("{2150E333-8FDC-42A3-9474-1A3956D46DE8}") = "Forms", "Forms", "{FC7A6BB2-EF4C-4D8B-BBDA-7CFE4B23370B}"
	ProjectSection(SolutionItems) = preProject
		Forms\inputs.html = Forms\inputs.html
		Forms\validations.html = Forms\validations.html
	EndProjectSection
EndProject
Project("{9A19103F-16F7-4668-BE54-9A1E7A4F7556}") = "FormEchoApp", "FormEchoApp\FormEchoApp.csproj", "{8CA8FC14-4AC0-49F6-9B77-1DC0DDF922AB}"
EndProject
Global
	GlobalSection(SolutionConfigurationPlatforms) = preSolution
		Debug|Any CPU = Debug|Any CPU
		Release|Any CPU = Release|Any CPU
	EndGlobalSection
	GlobalSection(ProjectConfigurationPlatforms) = postSolution
		{8CA8FC14-4AC0-49F6-9B77-1DC0DDF922AB}.Debug|Any CPU.ActiveCfg = Debug|Any CPU
		{8CA8FC14-4AC0-49F6-9B77-1DC0DDF922AB}.Debug|Any CPU.Build.0 = Debug|Any CPU
		{8CA8FC14-4AC0-49F6-9B77-1DC0DDF922AB}.Release|Any CPU.ActiveCfg = Release|Any CPU
		{8CA8FC14-4AC0-49F6-9B77-1DC0DDF922AB}.Release|Any CPU.Build.0 = Release|Any CPU
	EndGlobalSection
	GlobalSection(SolutionProperties) = preSolution
		HideSolutionNode = FALSE
	EndGlobalSection
	GlobalSection(ExtensibilityGlobals) = postSolution
		SolutionGuid = {33A88BF6-C4C0-4B85-B4FB-A4109F45F9BF}
	EndGlobalSection
EndGlobal
