
Microsoft Visual Studio Solution File, Format Version 12.00
# Visual Studio Version 17
VisualStudioVersion = 17.10.35013.160
MinimumVisualStudioVersion = 10.0.40219.1
Project("{9A19103F-16F7-4668-BE54-9A1E7A4F7556}") = "IConfiguration", "IConfiguration\IConfiguration.csproj", "{70E7057C-DFDD-4998-B7B2-B79496C98E8F}"
EndProject
Project("{9A19103F-16F7-4668-BE54-9A1E7A4F7556}") = "Options-Basic", "Options-Basic\Options-Basic.csproj", "{2FBE16B7-8F14-4267-A3C7-9749409E4DCF}"
EndProject
Project("{9A19103F-16F7-4668-BE54-9A1E7A4F7556}") = "Options-Extra", "Options-Extra\Options-Extra.csproj", "{E34420F8-FF9B-4E83-8F85-0A87CAE27F92}"
EndProject
Project("{9A19103F-16F7-4668-BE54-9A1E7A4F7556}") = "Caching-Data", "Caching-Data\Caching-Data.csproj", "{EF0F90D6-B204-4B12-913D-BC99455F92EB}"
EndProject
Global
	GlobalSection(SolutionConfigurationPlatforms) = preSolution
		Debug|Any CPU = Debug|Any CPU
		Release|Any CPU = Release|Any CPU
	EndGlobalSection
	GlobalSection(ProjectConfigurationPlatforms) = postSolution
		{70E7057C-DFDD-4998-B7B2-B79496C98E8F}.Debug|Any CPU.ActiveCfg = Debug|Any CPU
		{70E7057C-DFDD-4998-B7B2-B79496C98E8F}.Debug|Any CPU.Build.0 = Debug|Any CPU
		{70E7057C-DFDD-4998-B7B2-B79496C98E8F}.Release|Any CPU.ActiveCfg = Release|Any CPU
		{70E7057C-DFDD-4998-B7B2-B79496C98E8F}.Release|Any CPU.Build.0 = Release|Any CPU
		{2FBE16B7-8F14-4267-A3C7-9749409E4DCF}.Debug|Any CPU.ActiveCfg = Debug|Any CPU
		{2FBE16B7-8F14-4267-A3C7-9749409E4DCF}.Debug|Any CPU.Build.0 = Debug|Any CPU
		{2FBE16B7-8F14-4267-A3C7-9749409E4DCF}.Release|Any CPU.ActiveCfg = Release|Any CPU
		{2FBE16B7-8F14-4267-A3C7-9749409E4DCF}.Release|Any CPU.Build.0 = Release|Any CPU
		{E34420F8-FF9B-4E83-8F85-0A87CAE27F92}.Debug|Any CPU.ActiveCfg = Debug|Any CPU
		{E34420F8-FF9B-4E83-8F85-0A87CAE27F92}.Debug|Any CPU.Build.0 = Debug|Any CPU
		{E34420F8-FF9B-4E83-8F85-0A87CAE27F92}.Release|Any CPU.ActiveCfg = Release|Any CPU
		{E34420F8-FF9B-4E83-8F85-0A87CAE27F92}.Release|Any CPU.Build.0 = Release|Any CPU
		{EF0F90D6-B204-4B12-913D-BC99455F92EB}.Debug|Any CPU.ActiveCfg = Debug|Any CPU
		{EF0F90D6-B204-4B12-913D-BC99455F92EB}.Debug|Any CPU.Build.0 = Debug|Any CPU
		{EF0F90D6-B204-4B12-913D-BC99455F92EB}.Release|Any CPU.ActiveCfg = Release|Any CPU
		{EF0F90D6-B204-4B12-913D-BC99455F92EB}.Release|Any CPU.Build.0 = Release|Any CPU
	EndGlobalSection
	GlobalSection(SolutionProperties) = preSolution
		HideSolutionNode = FALSE
	EndGlobalSection
	GlobalSection(ExtensibilityGlobals) = postSolution
		SolutionGuid = {A301ADD2-A7EC-4CF7-A2EB-0BDA6F83732E}
	EndGlobalSection
EndGlobal
