
Microsoft Visual Studio Solution File, Format Version 12.00
# Visual Studio Version 17
VisualStudioVersion = 17.10.35013.160
MinimumVisualStudioVersion = 10.0.40219.1
Project("{2150E333-8FDC-42A3-9474-1A3956D46DE8}") = "FetchApi", "FetchApi", "{FC7A6BB2-EF4C-4D8B-BBDA-7CFE4B23370B}"
	ProjectSection(SolutionItems) = preProject
		FetchApi\index.html = FetchApi\index.html
		FetchApi\app.js = FetchApi\app.js
	EndProjectSection
EndProject
Project("{2150E333-8FDC-42A3-9474-1A3956D46DE8}") = "Events", "Events", "{FC7A6BB2-EF4C-4D8B-BBDA-7CFE4B2337AF}"
	ProjectSection(SolutionItems) = preProject
		Events\index.html = Events\index.html
		Events\app.js = Events\app.js
	EndProjectSection
EndProject
Project("{2150E333-8FDC-42A3-9474-1A3956D46DE8}") = "Dom", "Dom", "{DE8B6BB2-AA4C-4D8B-BBDA-7CFE4B2337AF}"
	ProjectSection(SolutionItems) = preProject
		Dom\index.html = Dom\index.html
		Dom\app.js = Dom\app.js
	EndProjectSection
EndProject
Project("{9A19103F-16F7-4668-BE54-9A1E7A4F7556}") = "WeatherForecastWebApp", "WeatherForecastWebApp\WeatherForecastWebApp.csproj", "{4FD1353A-79BB-45A7-AD8D-DCC2A1752422}"
EndProject
Global
	GlobalSection(SolutionConfigurationPlatforms) = preSolution
		Debug|Any CPU = Debug|Any CPU
		Release|Any CPU = Release|Any CPU
	EndGlobalSection
	GlobalSection(ProjectConfigurationPlatforms) = postSolution
		{4FD1353A-79BB-45A7-AD8D-DCC2A1752422}.Debug|Any CPU.ActiveCfg = Debug|Any CPU
		{4FD1353A-79BB-45A7-AD8D-DCC2A1752422}.Debug|Any CPU.Build.0 = Debug|Any CPU
		{4FD1353A-79BB-45A7-AD8D-DCC2A1752422}.Release|Any CPU.ActiveCfg = Release|Any CPU
		{4FD1353A-79BB-45A7-AD8D-DCC2A1752422}.Release|Any CPU.Build.0 = Release|Any CPU
	EndGlobalSection
	GlobalSection(SolutionProperties) = preSolution
		HideSolutionNode = FALSE
	EndGlobalSection
	GlobalSection(ExtensibilityGlobals) = postSolution
		SolutionGuid = {3D4CF331-FD89-41DC-93BD-04429E2DCBEA}
	EndGlobalSection
EndGlobal
