<Solution>
  <Folder Name="/BoxModel/">
    <File Path="BoxModel/index.html" />
  </Folder>
  <Project Path="AsyncStreams/AsyncStreams.csproj" />
  <Project Path="Autofac-WebApp/Autofac-WebApp.csproj" />
  <Project Path="CustomFluentValidations/CustomFluentValidations.csproj" Id="50b45487-593e-46e5-a6f0-3a5757d5c8d1" />
  <Project Path="Options-Extra/Options-Extra.csproj" />
  <Project Path="ProgressReporting/ProgressReporting.csproj" />
</Solution>
