
Microsoft Visual Studio Solution File, Format Version 12.00
# Visual Studio Version 17
VisualStudioVersion = 17.10.35013.160
MinimumVisualStudioVersion = 10.0.40219.1
Project("{9A19103F-16F7-4668-BE54-9A1E7A4F7556}") = "Inheritance-TPH", "Inheritance-TPH\Inheritance-TPH.csproj", "{34011556-25BD-4C55-9A0D-4746DA9ED67D}"
EndProject
Project("{9A19103F-16F7-4668-BE54-9A1E7A4F7556}") = "Inheritance-TPT", "Inheritance-TPT\Inheritance-TPT.csproj", "{CD028CC7-819F-42CB-958A-A718F5DA9790}"
EndProject
Project("{9A19103F-16F7-4668-BE54-9A1E7A4F7556}") = "Inheritance-TPC", "Inheritance-TPC\Inheritance-TPC.csproj", "{BFB3BFFD-BAA4-4D9D-BA00-033057176D99}"
EndProject
Project("{9A19103F-16F7-4668-BE54-9A1E7A4F7556}") = "DataModel", "DataModel\DataModel.csproj", "{3C83BBF3-6762-499F-8E60-25F5F6305935}"
EndProject
Project("{9A19103F-16F7-4668-BE54-9A1E7A4F7556}") = "WebApp", "WebApp\WebApp.csproj", "{124F47AE-B45A-4D74-85A4-82266682607B}"
EndProject
Global
	GlobalSection(SolutionConfigurationPlatforms) = preSolution
		Debug|Any CPU = Debug|Any CPU
		Release|Any CPU = Release|Any CPU
	EndGlobalSection
	GlobalSection(ProjectConfigurationPlatforms) = postSolution
		{34011556-25BD-4C55-9A0D-4746DA9ED67D}.Debug|Any CPU.ActiveCfg = Debug|Any CPU
		{34011556-25BD-4C55-9A0D-4746DA9ED67D}.Debug|Any CPU.Build.0 = Debug|Any CPU
		{34011556-25BD-4C55-9A0D-4746DA9ED67D}.Release|Any CPU.ActiveCfg = Release|Any CPU
		{34011556-25BD-4C55-9A0D-4746DA9ED67D}.Release|Any CPU.Build.0 = Release|Any CPU
		{CD028CC7-819F-42CB-958A-A718F5DA9790}.Debug|Any CPU.ActiveCfg = Debug|Any CPU
		{CD028CC7-819F-42CB-958A-A718F5DA9790}.Debug|Any CPU.Build.0 = Debug|Any CPU
		{CD028CC7-819F-42CB-958A-A718F5DA9790}.Release|Any CPU.ActiveCfg = Release|Any CPU
		{CD028CC7-819F-42CB-958A-A718F5DA9790}.Release|Any CPU.Build.0 = Release|Any CPU
		{BFB3BFFD-BAA4-4D9D-BA00-033057176D99}.Debug|Any CPU.ActiveCfg = Debug|Any CPU
		{BFB3BFFD-BAA4-4D9D-BA00-033057176D99}.Debug|Any CPU.Build.0 = Debug|Any CPU
		{BFB3BFFD-BAA4-4D9D-BA00-033057176D99}.Release|Any CPU.ActiveCfg = Release|Any CPU
		{BFB3BFFD-BAA4-4D9D-BA00-033057176D99}.Release|Any CPU.Build.0 = Release|Any CPU
		{3C83BBF3-6762-499F-8E60-25F5F6305935}.Debug|Any CPU.ActiveCfg = Debug|Any CPU
		{3C83BBF3-6762-499F-8E60-25F5F6305935}.Debug|Any CPU.Build.0 = Debug|Any CPU
		{3C83BBF3-6762-499F-8E60-25F5F6305935}.Release|Any CPU.ActiveCfg = Release|Any CPU
		{3C83BBF3-6762-499F-8E60-25F5F6305935}.Release|Any CPU.Build.0 = Release|Any CPU
		{124F47AE-B45A-4D74-85A4-82266682607B}.Debug|Any CPU.ActiveCfg = Debug|Any CPU
		{124F47AE-B45A-4D74-85A4-82266682607B}.Debug|Any CPU.Build.0 = Debug|Any CPU
		{124F47AE-B45A-4D74-85A4-82266682607B}.Release|Any CPU.ActiveCfg = Release|Any CPU
		{124F47AE-B45A-4D74-85A4-82266682607B}.Release|Any CPU.Build.0 = Release|Any CPU
	EndGlobalSection
	GlobalSection(SolutionProperties) = preSolution
		HideSolutionNode = FALSE
	EndGlobalSection
	GlobalSection(ExtensibilityGlobals) = postSolution
		SolutionGuid = {B38399E2-B73B-444E-86BE-7752A4117CF1}
	EndGlobalSection
EndGlobal
