
Microsoft Visual Studio Solution File, Format Version 12.00
# Visual Studio Version 17
VisualStudioVersion = 17.10.35013.160
MinimumVisualStudioVersion = 10.0.40219.1
Project("{9A19103F-16F7-4668-BE54-9A1E7A4F7556}") = "Identity-DataModel", "Identity-DataModel\Identity-DataModel.csproj", "{D6AEDB2D-0ABD-469C-A646-DD5F5B1F87A0}"
EndProject
Project("{9A19103F-16F7-4668-BE54-9A1E7A4F7556}") = "Identity-WebApp", "Identity-WebApp\Identity-WebApp.csproj", "{A97E7275-8836-4F94-882D-913BB701CE80}"
EndProject
Global
	GlobalSection(SolutionConfigurationPlatforms) = preSolution
		Debug|Any CPU = Debug|Any CPU
		Release|Any CPU = Release|Any CPU
	EndGlobalSection
	GlobalSection(ProjectConfigurationPlatforms) = postSolution
		{D6AEDB2D-0ABD-469C-A646-DD5F5B1F87A0}.Debug|Any CPU.ActiveCfg = Debug|Any CPU
		{D6AEDB2D-0ABD-469C-A646-DD5F5B1F87A0}.Debug|Any CPU.Build.0 = Debug|Any CPU
		{D6AEDB2D-0ABD-469C-A646-DD5F5B1F87A0}.Release|Any CPU.ActiveCfg = Release|Any CPU
		{D6AEDB2D-0ABD-469C-A646-DD5F5B1F87A0}.Release|Any CPU.Build.0 = Release|Any CPU
		{A97E7275-8836-4F94-882D-913BB701CE80}.Debug|Any CPU.ActiveCfg = Debug|Any CPU
		{A97E7275-8836-4F94-882D-913BB701CE80}.Debug|Any CPU.Build.0 = Debug|Any CPU
		{A97E7275-8836-4F94-882D-913BB701CE80}.Release|Any CPU.ActiveCfg = Release|Any CPU
		{A97E7275-8836-4F94-882D-913BB701CE80}.Release|Any CPU.Build.0 = Release|Any CPU
	EndGlobalSection
	GlobalSection(SolutionProperties) = preSolution
		HideSolutionNode = FALSE
	EndGlobalSection
	GlobalSection(ExtensibilityGlobals) = postSolution
		SolutionGuid = {DA8E0165-D57C-44E0-91AB-AD48EE873DCA}
	EndGlobalSection
EndGlobal
