
Microsoft Visual Studio Solution File, Format Version 12.00
# Visual Studio Version 17
VisualStudioVersion = 17.10.35013.160
MinimumVisualStudioVersion = 10.0.40219.1
Project("{9A19103F-16F7-4668-BE54-9A1E7A4F7556}") = "Identity-DataModel", "Identity-DataModel\Identity-DataModel.csproj", "{D6AEDB2D-0ABD-469C-A646-DD5F5B1F87A0}"
EndProject
Project("{9A19103F-16F7-4668-BE54-9A1E7A4F7556}") = "Identity-WebApp", "Identity-WebApp\Identity-WebApp.csproj", "{A97E7275-8836-4F94-882D-913BB701CE80}"
EndProject
Project("{9A19103F-16F7-4668-BE54-9A1E7A4F7556}") = "Auth-JWT-Controllers", "Auth-JWT-Controllers\Auth-JWT-Controllers.csproj", "{133A2219-DD76-4F9C-A00B-AE0822C9237F}"
EndProject
Project("{9A19103F-16F7-4668-BE54-9A1E7A4F7556}") = "Auth-JWT-Minimal", "Auth-JWT-Minimal\Auth-JWT-Minimal.csproj", "{56FC9FF7-B9A9-4E60-B0F1-8355059992FA}"
EndProject
Project("{9A19103F-16F7-4668-BE54-9A1E7A4F7556}") = "Auth-Cookie-Controllers", "Auth-Cookie-Controllers\Auth-Cookie-Controllers.csproj", "{9CEF8E2A-C096-496E-94EB-F7A876C5355B}"
EndProject
Project("{9A19103F-16F7-4668-BE54-9A1E7A4F7556}") = "Auth-Cookie-Minimal", "Auth-Cookie-Minimal\Auth-Cookie-Minimal.csproj", "{45B3BEAA-DA14-47A1-87C9-962E9E4860D6}"
EndProject
Global
	GlobalSection(SolutionConfigurationPlatforms) = preSolution
		Debug|Any CPU = Debug|Any CPU
		Release|Any CPU = Release|Any CPU
	EndGlobalSection
	GlobalSection(ProjectConfigurationPlatforms) = postSolution
		{D6AEDB2D-0ABD-469C-A646-DD5F5B1F87A0}.Debug|Any CPU.ActiveCfg = Debug|Any CPU
		{D6AEDB2D-0ABD-469C-A646-DD5F5B1F87A0}.Debug|Any CPU.Build.0 = Debug|Any CPU
		{D6AEDB2D-0ABD-469C-A646-DD5F5B1F87A0}.Release|Any CPU.ActiveCfg = Release|Any CPU
		{D6AEDB2D-0ABD-469C-A646-DD5F5B1F87A0}.Release|Any CPU.Build.0 = Release|Any CPU
		{A97E7275-8836-4F94-882D-913BB701CE80}.Debug|Any CPU.ActiveCfg = Debug|Any CPU
		{A97E7275-8836-4F94-882D-913BB701CE80}.Debug|Any CPU.Build.0 = Debug|Any CPU
		{A97E7275-8836-4F94-882D-913BB701CE80}.Release|Any CPU.ActiveCfg = Release|Any CPU
		{A97E7275-8836-4F94-882D-913BB701CE80}.Release|Any CPU.Build.0 = Release|Any CPU
		{133A2219-DD76-4F9C-A00B-AE0822C9237F}.Debug|Any CPU.ActiveCfg = Debug|Any CPU
		{133A2219-DD76-4F9C-A00B-AE0822C9237F}.Debug|Any CPU.Build.0 = Debug|Any CPU
		{133A2219-DD76-4F9C-A00B-AE0822C9237F}.Release|Any CPU.ActiveCfg = Release|Any CPU
		{133A2219-DD76-4F9C-A00B-AE0822C9237F}.Release|Any CPU.Build.0 = Release|Any CPU
		{56FC9FF7-B9A9-4E60-B0F1-8355059992FA}.Debug|Any CPU.ActiveCfg = Debug|Any CPU
		{56FC9FF7-B9A9-4E60-B0F1-8355059992FA}.Debug|Any CPU.Build.0 = Debug|Any CPU
		{56FC9FF7-B9A9-4E60-B0F1-8355059992FA}.Release|Any CPU.ActiveCfg = Release|Any CPU
		{56FC9FF7-B9A9-4E60-B0F1-8355059992FA}.Release|Any CPU.Build.0 = Release|Any CPU
		{9CEF8E2A-C096-496E-94EB-F7A876C5355B}.Debug|Any CPU.ActiveCfg = Debug|Any CPU
		{9CEF8E2A-C096-496E-94EB-F7A876C5355B}.Debug|Any CPU.Build.0 = Debug|Any CPU
		{9CEF8E2A-C096-496E-94EB-F7A876C5355B}.Release|Any CPU.ActiveCfg = Release|Any CPU
		{9CEF8E2A-C096-496E-94EB-F7A876C5355B}.Release|Any CPU.Build.0 = Release|Any CPU
		{45B3BEAA-DA14-47A1-87C9-962E9E4860D6}.Debug|Any CPU.ActiveCfg = Debug|Any CPU
		{45B3BEAA-DA14-47A1-87C9-962E9E4860D6}.Debug|Any CPU.Build.0 = Debug|Any CPU
		{45B3BEAA-DA14-47A1-87C9-962E9E4860D6}.Release|Any CPU.ActiveCfg = Release|Any CPU
		{45B3BEAA-DA14-47A1-87C9-962E9E4860D6}.Release|Any CPU.Build.0 = Release|Any CPU
	EndGlobalSection
	GlobalSection(SolutionProperties) = preSolution
		HideSolutionNode = FALSE
	EndGlobalSection
	GlobalSection(ExtensibilityGlobals) = postSolution
		SolutionGuid = {DA8E0165-D57C-44E0-91AB-AD48EE873DCA}
	EndGlobalSection
EndGlobal
