
Microsoft Visual Studio Solution File, Format Version 12.00
# Visual Studio Version 17
VisualStudioVersion = 17.10.35013.160
MinimumVisualStudioVersion = 10.0.40219.1
Project("{9A19103F-16F7-4668-BE54-9A1E7A4F7556}") = "Cooking-Sync", "Cooking-Sync\Cooking-Sync.csproj", "{ECF5CE71-546F-4DD7-BE4A-6663134A8BDB}"
EndProject
Project("{9A19103F-16F7-4668-BE54-9A1E7A4F7556}") = "Cooking-Async", "Cooking-Async\Cooking-Async.csproj", "{C5CACD98-8E60-471E-ABCC-879C7CD189E2}"
EndProject
Project("{9A19103F-16F7-4668-BE54-9A1E7A4F7556}") = "ProgressReporting", "ProgressReporting\ProgressReporting.csproj", "{0EBC321B-E274-4E2F-8623-E69D11F7CB30}"
EndProject
Project("{9A19103F-16F7-4668-BE54-9A1E7A4F7556}") = "Cancellation-Timeout", "Cancellation-Timeout\Cancellation-Timeout.csproj", "{BDE016D9-FCD3-4459-A6F6-13853666255A}"
EndProject
Project("{9A19103F-16F7-4668-BE54-9A1E7A4F7556}") = "Cancellation-Manual", "Cancellation-Manual\Cancellation-Manual.csproj", "{5BF016B1-C2BB-4354-924C-2B3A35BCBF6F}"
EndProject
Global
	GlobalSection(SolutionConfigurationPlatforms) = preSolution
		Debug|Any CPU = Debug|Any CPU
		Release|Any CPU = Release|Any CPU
	EndGlobalSection
	GlobalSection(ProjectConfigurationPlatforms) = postSolution
		{ECF5CE71-546F-4DD7-BE4A-6663134A8BDB}.Debug|Any CPU.ActiveCfg = Debug|Any CPU
		{ECF5CE71-546F-4DD7-BE4A-6663134A8BDB}.Debug|Any CPU.Build.0 = Debug|Any CPU
		{ECF5CE71-546F-4DD7-BE4A-6663134A8BDB}.Release|Any CPU.ActiveCfg = Release|Any CPU
		{ECF5CE71-546F-4DD7-BE4A-6663134A8BDB}.Release|Any CPU.Build.0 = Release|Any CPU
		{C5CACD98-8E60-471E-ABCC-879C7CD189E2}.Debug|Any CPU.ActiveCfg = Debug|Any CPU
		{C5CACD98-8E60-471E-ABCC-879C7CD189E2}.Debug|Any CPU.Build.0 = Debug|Any CPU
		{C5CACD98-8E60-471E-ABCC-879C7CD189E2}.Release|Any CPU.ActiveCfg = Release|Any CPU
		{C5CACD98-8E60-471E-ABCC-879C7CD189E2}.Release|Any CPU.Build.0 = Release|Any CPU
		{0EBC321B-E274-4E2F-8623-E69D11F7CB30}.Debug|Any CPU.ActiveCfg = Debug|Any CPU
		{0EBC321B-E274-4E2F-8623-E69D11F7CB30}.Debug|Any CPU.Build.0 = Debug|Any CPU
		{0EBC321B-E274-4E2F-8623-E69D11F7CB30}.Release|Any CPU.ActiveCfg = Release|Any CPU
		{0EBC321B-E274-4E2F-8623-E69D11F7CB30}.Release|Any CPU.Build.0 = Release|Any CPU
		{BDE016D9-FCD3-4459-A6F6-13853666255A}.Debug|Any CPU.ActiveCfg = Debug|Any CPU
		{BDE016D9-FCD3-4459-A6F6-13853666255A}.Debug|Any CPU.Build.0 = Debug|Any CPU
		{BDE016D9-FCD3-4459-A6F6-13853666255A}.Release|Any CPU.ActiveCfg = Release|Any CPU
		{BDE016D9-FCD3-4459-A6F6-13853666255A}.Release|Any CPU.Build.0 = Release|Any CPU
		{5BF016B1-C2BB-4354-924C-2B3A35BCBF6F}.Debug|Any CPU.ActiveCfg = Debug|Any CPU
		{5BF016B1-C2BB-4354-924C-2B3A35BCBF6F}.Debug|Any CPU.Build.0 = Debug|Any CPU
		{5BF016B1-C2BB-4354-924C-2B3A35BCBF6F}.Release|Any CPU.ActiveCfg = Release|Any CPU
		{5BF016B1-C2BB-4354-924C-2B3A35BCBF6F}.Release|Any CPU.Build.0 = Release|Any CPU
	EndGlobalSection
	GlobalSection(SolutionProperties) = preSolution
		HideSolutionNode = FALSE
	EndGlobalSection
	GlobalSection(ExtensibilityGlobals) = postSolution
		SolutionGuid = {0EFE6B99-A720-4D62-93C1-74EF6DB7D53E}
	EndGlobalSection
EndGlobal
